# This file was autogenerated by Stack.
# You should not edit this file by hand.
# For more information, please see the documentation at:
#   https://docs.haskellstack.org/en/stable/lock_files

packages:
- completed:
    hackage: text-2.1.2@sha256:2898d240693a61911efc6e9f9dd3f05a1561684b0c42da964b76ae6463dba754,10989
    pantry-tree:
      sha256: 55d235c81b0b35a55d8b33f832c6df0c7a3ff546b707172f97c68ab17b87f5d4
      size: 8647
  original:
    hackage: text-2.1.2
- completed:
    hackage: binary-0.8.9.2@sha256:03381e511429c44d13990c6d76281c4fc2468371cede4fe684b0c98d9b7d5f5a,6611
    pantry-tree:
      sha256: 7fac13c81b45416bd082c34e31cc3ac19226dd15354f379156922ad4cfbe6285
      size: 1976
  original:
    hackage: binary-0.8.9.2
- completed:
    hackage: parsec-3.1.17.0@sha256:8407cbd428d7f640a0fff8891bd2f7aca13cebe70a5e654856f8abec9a648b56,5149
    pantry-tree:
      sha256: 0922d72bd7115bbb590757bd92a827021dfe745ed6c0cd22856f767bee83d91f
      size: 2810
  original:
    hackage: parsec-3.1.17.0
- completed:
    hackage: containers-0.6.8@sha256:bb2bec1bbc6b39a7c97cd95e056a5698ec45beb5d8feb6caae12af64e4bd823c,2670
    pantry-tree:
      sha256: 62d0b7f21a9f298867bbf0acae201d1fe4e32d309b4085a52c037eb551852811
      size: 2954
  original:
    hackage: containers-0.6.8
snapshots:
- completed:
    sha256: 1e32b51d9082fdf6f3bd92accc9dfffd4ddaf406404427fb10bf76d2bc03cbbb
    size: 720263
    url: https://raw.githubusercontent.com/commercialhaskell/stackage-snapshots/master/lts/22/41.yaml
  original: lts-22.41
